// !$*UTF8*$!
{
	archiveVersion = 1;
	classes = {
	};
	objectVersion = 46;
	objects = {

/* Begin PBXBuildFile section */
		765E8C1494CCDD710E6748F4 /* libPods.a in Frameworks */ = {isa = PBXBuildFile; fileRef = 5E3400F1044262080D77E677 /* libPods.a */; };
		934E81AF1B324B7F004C19FD /* Parsers.swift in Sources */ = {isa = PBXBuildFile; fileRef = 934E81AE1B324B7F004C19FD /* Parsers.swift */; };
		934E81B11B32850C004C19FD /* Authentication.swift in Sources */ = {isa = PBXBuildFile; fileRef = 934E81B01B32850C004C19FD /* Authentication.swift */; };
		935F6A451B31197E0010DCB3 /* AppDelegate.swift in Sources */ = {isa = PBXBuildFile; fileRef = 935F6A441B31197E0010DCB3 /* AppDelegate.swift */; };
		935F6A471B31197E0010DCB3 /* FirstViewController.swift in Sources */ = {isa = PBXBuildFile; fileRef = 935F6A461B31197E0010DCB3 /* FirstViewController.swift */; };
		935F6A491B31197E0010DCB3 /* SecondViewController.swift in Sources */ = {isa = PBXBuildFile; fileRef = 935F6A481B31197E0010DCB3 /* SecondViewController.swift */; };
		935F6A4C1B31197E0010DCB3 /* Main.storyboard in Resources */ = {isa = PBXBuildFile; fileRef = 935F6A4A1B31197E0010DCB3 /* Main.storyboard */; };
		935F6A4E1B31197E0010DCB3 /* Images.xcassets in Resources */ = {isa = PBXBuildFile; fileRef = 935F6A4D1B31197E0010DCB3 /* Images.xcassets */; };
		935F6A511B31197E0010DCB3 /* LaunchScreen.xib in Resources */ = {isa = PBXBuildFile; fileRef = 935F6A4F1B31197E0010DCB3 /* LaunchScreen.xib */; };
		935F6A5D1B31197E0010DCB3 /* ScheggTests.swift in Sources */ = {isa = PBXBuildFile; fileRef = 935F6A5C1B31197E0010DCB3 /* ScheggTests.swift */; };
		937462A41B312B990082C30F /* API.swift in Sources */ = {isa = PBXBuildFile; fileRef = 937462A31B312B990082C30F /* API.swift */; };
		937462A71B312DA60082C30F /* RoomLists.xml in Resources */ = {isa = PBXBuildFile; fileRef = 937462A61B312DA60082C30F /* RoomLists.xml */; };
		93D301C81B31D978004A1A0A /* Rooms.xml in Resources */ = {isa = PBXBuildFile; fileRef = 93D301C71B31D978004A1A0A /* Rooms.xml */; };
		93D301CA1B31D9AF004A1A0A /* Availability.xml in Resources */ = {isa = PBXBuildFile; fileRef = 93D301C91B31D9AF004A1A0A /* Availability.xml */; };
		93D301CC1B31DA06004A1A0A /* Book.xml in Resources */ = {isa = PBXBuildFile; fileRef = 93D301CB1B31DA06004A1A0A /* Book.xml */; };
		93D301CE1B31DA35004A1A0A /* Delete.xml in Resources */ = {isa = PBXBuildFile; fileRef = 93D301CD1B31DA35004A1A0A /* Delete.xml */; };
/* End PBXBuildFile section */

/* Begin PBXContainerItemProxy section */
		935F6A571B31197E0010DCB3 /* PBXContainerItemProxy */ = {
			isa = PBXContainerItemProxy;
			containerPortal = 935F6A371B31197E0010DCB3 /* Project object */;
			proxyType = 1;
			remoteGlobalIDString = 935F6A3E1B31197E0010DCB3;
			remoteInfo = Schegg;
		};
/* End PBXContainerItemProxy section */

/* Begin PBXFileReference section */
		30D8B9D211472A3C0278F96E /* Pods.release.xcconfig */ = {isa = PBXFileReference; includeInIndex = 1; lastKnownFileType = text.xcconfig; name = Pods.release.xcconfig; path = "Pods/Target Support Files/Pods/Pods.release.xcconfig"; sourceTree = "<group>"; };
		5E3400F1044262080D77E677 /* libPods.a */ = {isa = PBXFileReference; explicitFileType = archive.ar; includeInIndex = 0; path = libPods.a; sourceTree = BUILT_PRODUCTS_DIR; };
		934E81AE1B324B7F004C19FD /* Parsers.swift */ = {isa = PBXFileReference; fileEncoding = 4; lastKnownFileType = sourcecode.swift; path = Parsers.swift; sourceTree = "<group>"; };
		934E81B01B32850C004C19FD /* Authentication.swift */ = {isa = PBXFileReference; fileEncoding = 4; lastKnownFileType = sourcecode.swift; path = Authentication.swift; sourceTree = "<group>"; };
		935F6A3F1B31197E0010DCB3 /* Schegg.app */ = {isa = PBXFileReference; explicitFileType = wrapper.application; includeInIndex = 0; path = Schegg.app; sourceTree = BUILT_PRODUCTS_DIR; };
		935F6A431B31197E0010DCB3 /* Info.plist */ = {isa = PBXFileReference; lastKnownFileType = text.plist.xml; path = Info.plist; sourceTree = "<group>"; };
		935F6A441B31197E0010DCB3 /* AppDelegate.swift */ = {isa = PBXFileReference; lastKnownFileType = sourcecode.swift; path = AppDelegate.swift; sourceTree = "<group>"; };
		935F6A461B31197E0010DCB3 /* FirstViewController.swift */ = {isa = PBXFileReference; lastKnownFileType = sourcecode.swift; path = FirstViewController.swift; sourceTree = "<group>"; };
		935F6A481B31197E0010DCB3 /* SecondViewController.swift */ = {isa = PBXFileReference; lastKnownFileType = sourcecode.swift; path = SecondViewController.swift; sourceTree = "<group>"; };
		935F6A4B1B31197E0010DCB3 /* Base */ = {isa = PBXFileReference; lastKnownFileType = file.storyboard; name = Base; path = Base.lproj/Main.storyboard; sourceTree = "<group>"; };
		935F6A4D1B31197E0010DCB3 /* Images.xcassets */ = {isa = PBXFileReference; lastKnownFileType = folder.assetcatalog; path = Images.xcassets; sourceTree = "<group>"; };
		935F6A501B31197E0010DCB3 /* Base */ = {isa = PBXFileReference; lastKnownFileType = file.xib; name = Base; path = Base.lproj/LaunchScreen.xib; sourceTree = "<group>"; };
		935F6A561B31197E0010DCB3 /* ScheggTests.xctest */ = {isa = PBXFileReference; explicitFileType = wrapper.cfbundle; includeInIndex = 0; path = ScheggTests.xctest; sourceTree = BUILT_PRODUCTS_DIR; };
		935F6A5B1B31197E0010DCB3 /* Info.plist */ = {isa = PBXFileReference; lastKnownFileType = text.plist.xml; path = Info.plist; sourceTree = "<group>"; };
		935F6A5C1B31197E0010DCB3 /* ScheggTests.swift */ = {isa = PBXFileReference; lastKnownFileType = sourcecode.swift; path = ScheggTests.swift; sourceTree = "<group>"; };
		937462A11B311DED0082C30F /* Schegg-Bridging-Header.h */ = {isa = PBXFileReference; lastKnownFileType = sourcecode.c.h; path = "Schegg-Bridging-Header.h"; sourceTree = "<group>"; };
		937462A31B312B990082C30F /* API.swift */ = {isa = PBXFileReference; fileEncoding = 4; lastKnownFileType = sourcecode.swift; path = API.swift; sourceTree = "<group>"; };
		937462A61B312DA60082C30F /* RoomLists.xml */ = {isa = PBXFileReference; fileEncoding = 4; lastKnownFileType = text.xml; path = RoomLists.xml; sourceTree = "<group>"; };
		93D301C71B31D978004A1A0A /* Rooms.xml */ = {isa = PBXFileReference; fileEncoding = 4; lastKnownFileType = text.xml; path = Rooms.xml; sourceTree = "<group>"; };
		93D301C91B31D9AF004A1A0A /* Availability.xml */ = {isa = PBXFileReference; fileEncoding = 4; lastKnownFileType = text.xml; path = Availability.xml; sourceTree = "<group>"; };
		93D301CB1B31DA06004A1A0A /* Book.xml */ = {isa = PBXFileReference; fileEncoding = 4; lastKnownFileType = text.xml; path = Book.xml; sourceTree = "<group>"; };
		93D301CD1B31DA35004A1A0A /* Delete.xml */ = {isa = PBXFileReference; fileEncoding = 4; lastKnownFileType = text.xml; path = Delete.xml; sourceTree = "<group>"; };
		C0E8F1EB12F1A185445C290A /* Pods.debug.xcconfig */ = {isa = PBXFileReference; includeInIndex = 1; lastKnownFileType = text.xcconfig; name = Pods.debug.xcconfig; path = "Pods/Target Support Files/Pods/Pods.debug.xcconfig"; sourceTree = "<group>"; };
/* End PBXFileReference section */

/* Begin PBXFrameworksBuildPhase section */
		935F6A3C1B31197E0010DCB3 /* Frameworks */ = {
			isa = PBXFrameworksBuildPhase;
			buildActionMask = 2147483647;
			files = (
				765E8C1494CCDD710E6748F4 /* libPods.a in Frameworks */,
			);
			runOnlyForDeploymentPostprocessing = 0;
		};
		935F6A531B31197E0010DCB3 /* Frameworks */ = {
			isa = PBXFrameworksBuildPhase;
			buildActionMask = 2147483647;
			files = (
			);
			runOnlyForDeploymentPostprocessing = 0;
		};
/* End PBXFrameworksBuildPhase section */

/* Begin PBXGroup section */
		2B2FA9CF39C6D3D0188E4249 /* Pods */ = {
			isa = PBXGroup;
			children = (
				C0E8F1EB12F1A185445C290A /* Pods.debug.xcconfig */,
				30D8B9D211472A3C0278F96E /* Pods.release.xcconfig */,
			);
			name = Pods;
			sourceTree = "<group>";
		};
		935F6A361B31197E0010DCB3 = {
			isa = PBXGroup;
			children = (
				935F6A411B31197E0010DCB3 /* Schegg */,
				935F6A591B31197E0010DCB3 /* ScheggTests */,
				935F6A401B31197E0010DCB3 /* Products */,
				2B2FA9CF39C6D3D0188E4249 /* Pods */,
				DDDF1751E2E0E00B2EE62998 /* Frameworks */,
			);
			sourceTree = "<group>";
		};
		935F6A401B31197E0010DCB3 /* Products */ = {
			isa = PBXGroup;
			children = (
				935F6A3F1B31197E0010DCB3 /* Schegg.app */,
				935F6A561B31197E0010DCB3 /* ScheggTests.xctest */,
			);
			name = Products;
			sourceTree = "<group>";
		};
		935F6A411B31197E0010DCB3 /* Schegg */ = {
			isa = PBXGroup;
			children = (
				937462A51B312C9C0082C30F /* Methods */,
				935F6A441B31197E0010DCB3 /* AppDelegate.swift */,
				935F6A461B31197E0010DCB3 /* FirstViewController.swift */,
				935F6A481B31197E0010DCB3 /* SecondViewController.swift */,
				935F6A4A1B31197E0010DCB3 /* Main.storyboard */,
				935F6A4D1B31197E0010DCB3 /* Images.xcassets */,
				935F6A4F1B31197E0010DCB3 /* LaunchScreen.xib */,
				935F6A421B31197E0010DCB3 /* Supporting Files */,
				937462A11B311DED0082C30F /* Schegg-Bridging-Header.h */,
				937462A31B312B990082C30F /* API.swift */,
				934E81B01B32850C004C19FD /* Authentication.swift */,
				934E81AE1B324B7F004C19FD /* Parsers.swift */,
			);
			path = Schegg;
			sourceTree = "<group>";
		};
		935F6A421B31197E0010DCB3 /* Supporting Files */ = {
			isa = PBXGroup;
			children = (
				935F6A431B31197E0010DCB3 /* Info.plist */,
			);
			name = "Supporting Files";
			sourceTree = "<group>";
		};
		935F6A591B31197E0010DCB3 /* ScheggTests */ = {
			isa = PBXGroup;
			children = (
				935F6A5C1B31197E0010DCB3 /* ScheggTests.swift */,
				935F6A5A1B31197E0010DCB3 /* Supporting Files */,
			);
			path = ScheggTests;
			sourceTree = "<group>";
		};
		935F6A5A1B31197E0010DCB3 /* Supporting Files */ = {
			isa = PBXGroup;
			children = (
				935F6A5B1B31197E0010DCB3 /* Info.plist */,
			);
			name = "Supporting Files";
			sourceTree = "<group>";
		};
		937462A51B312C9C0082C30F /* Methods */ = {
			isa = PBXGroup;
			children = (
				937462A61B312DA60082C30F /* RoomLists.xml */,
				93D301C71B31D978004A1A0A /* Rooms.xml */,
				93D301C91B31D9AF004A1A0A /* Availability.xml */,
				93D301CB1B31DA06004A1A0A /* Book.xml */,
				93D301CD1B31DA35004A1A0A /* Delete.xml */,
			);
			path = Methods;
			sourceTree = "<group>";
		};
		DDDF1751E2E0E00B2EE62998 /* Frameworks */ = {
			isa = PBXGroup;
			children = (
				5E3400F1044262080D77E677 /* libPods.a */,
			);
			name = Frameworks;
			sourceTree = "<group>";
		};
/* End PBXGroup section */

/* Begin PBXNativeTarget section */
		935F6A3E1B31197E0010DCB3 /* Schegg */ = {
			isa = PBXNativeTarget;
			buildConfigurationList = 935F6A601B31197E0010DCB3 /* Build configuration list for PBXNativeTarget "Schegg" */;
			buildPhases = (
				A8F5ADA487687EA1C4CC3B77 /* Check Pods Manifest.lock */,
				935F6A3B1B31197E0010DCB3 /* Sources */,
				935F6A3C1B31197E0010DCB3 /* Frameworks */,
				935F6A3D1B31197E0010DCB3 /* Resources */,
				96A694DBAAB5F7EE340954B7 /* Copy Pods Resources */,
			);
			buildRules = (
			);
			dependencies = (
			);
			name = Schegg;
			productName = Schegg;
			productReference = 935F6A3F1B31197E0010DCB3 /* Schegg.app */;
			productType = "com.apple.product-type.application";
		};
		935F6A551B31197E0010DCB3 /* ScheggTests */ = {
			isa = PBXNativeTarget;
			buildConfigurationList = 935F6A631B31197E0010DCB3 /* Build configuration list for PBXNativeTarget "ScheggTests" */;
			buildPhases = (
				935F6A521B31197E0010DCB3 /* Sources */,
				935F6A531B31197E0010DCB3 /* Frameworks */,
				935F6A541B31197E0010DCB3 /* Resources */,
			);
			buildRules = (
			);
			dependencies = (
				935F6A581B31197E0010DCB3 /* PBXTargetDependency */,
			);
			name = ScheggTests;
			productName = ScheggTests;
			productReference = 935F6A561B31197E0010DCB3 /* ScheggTests.xctest */;
			productType = "com.apple.product-type.bundle.unit-test";
		};
/* End PBXNativeTarget section */

/* Begin PBXProject section */
		935F6A371B31197E0010DCB3 /* Project object */ = {
			isa = PBXProject;
			attributes = {
				LastSwiftUpdateCheck = 0700;
				LastUpgradeCheck = 0630;
				ORGANIZATIONNAME = "Chegg, Inc.";
				TargetAttributes = {
					935F6A3E1B31197E0010DCB3 = {
						CreatedOnToolsVersion = 6.3.2;
					};
					935F6A551B31197E0010DCB3 = {
						CreatedOnToolsVersion = 6.3.2;
						TestTargetID = 935F6A3E1B31197E0010DCB3;
					};
				};
			};
			buildConfigurationList = 935F6A3A1B31197E0010DCB3 /* Build configuration list for PBXProject "Schegg" */;
			compatibilityVersion = "Xcode 3.2";
			developmentRegion = English;
			hasScannedForEncodings = 0;
			knownRegions = (
				en,
				Base,
			);
			mainGroup = 935F6A361B31197E0010DCB3;
			productRefGroup = 935F6A401B31197E0010DCB3 /* Products */;
			projectDirPath = "";
			projectRoot = "";
			targets = (
				935F6A3E1B31197E0010DCB3 /* Schegg */,
				935F6A551B31197E0010DCB3 /* ScheggTests */,
			);
		};
/* End PBXProject section */

/* Begin PBXResourcesBuildPhase section */
		935F6A3D1B31197E0010DCB3 /* Resources */ = {
			isa = PBXResourcesBuildPhase;
			buildActionMask = 2147483647;
			files = (
				937462A71B312DA60082C30F /* RoomLists.xml in Resources */,
				935F6A4C1B31197E0010DCB3 /* Main.storyboard in Resources */,
				93D301CC1B31DA06004A1A0A /* Book.xml in Resources */,
				93D301CA1B31D9AF004A1A0A /* Availability.xml in Resources */,
				93D301CE1B31DA35004A1A0A /* Delete.xml in Resources */,
				935F6A511B31197E0010DCB3 /* LaunchScreen.xib in Resources */,
				935F6A4E1B31197E0010DCB3 /* Images.xcassets in Resources */,
				93D301C81B31D978004A1A0A /* Rooms.xml in Resources */,
			);
			runOnlyForDeploymentPostprocessing = 0;
		};
		935F6A541B31197E0010DCB3 /* Resources */ = {
			isa = PBXResourcesBuildPhase;
			buildActionMask = 2147483647;
			files = (
			);
			runOnlyForDeploymentPostprocessing = 0;
		};
/* End PBXResourcesBuildPhase section */

/* Begin PBXShellScriptBuildPhase section */
		96A694DBAAB5F7EE340954B7 /* Copy Pods Resources */ = {
			isa = PBXShellScriptBuildPhase;
			buildActionMask = 2147483647;
			files = (
			);
			inputPaths = (
			);
			name = "Copy Pods Resources";
			outputPaths = (
			);
			runOnlyForDeploymentPostprocessing = 0;
			shellPath = /bin/sh;
			shellScript = "\"${SRCROOT}/Pods/Target Support Files/Pods/Pods-resources.sh\"\n";
			showEnvVarsInLog = 0;
		};
		A8F5ADA487687EA1C4CC3B77 /* Check Pods Manifest.lock */ = {
			isa = PBXShellScriptBuildPhase;
			buildActionMask = 2147483647;
			files = (
			);
			inputPaths = (
			);
			name = "Check Pods Manifest.lock";
			outputPaths = (
			);
			runOnlyForDeploymentPostprocessing = 0;
			shellPath = /bin/sh;
			shellScript = "diff \"${PODS_ROOT}/../Podfile.lock\" \"${PODS_ROOT}/Manifest.lock\" > /dev/null\nif [[ $? != 0 ]] ; then\n    cat << EOM\nerror: The sandbox is not in sync with the Podfile.lock. Run 'pod install' or update your CocoaPods installation.\nEOM\n    exit 1\nfi\n";
			showEnvVarsInLog = 0;
		};
/* End PBXShellScriptBuildPhase section */

/* Begin PBXSourcesBuildPhase section */
		935F6A3B1B31197E0010DCB3 /* Sources */ = {
			isa = PBXSourcesBuildPhase;
			buildActionMask = 2147483647;
			files = (
				935F6A491B31197E0010DCB3 /* SecondViewController.swift in Sources */,
				935F6A451B31197E0010DCB3 /* AppDelegate.swift in Sources */,
				937462A41B312B990082C30F /* API.swift in Sources */,
				934E81AF1B324B7F004C19FD /* Parsers.swift in Sources */,
				935F6A471B31197E0010DCB3 /* FirstViewController.swift in Sources */,
				934E81B11B32850C004C19FD /* Authentication.swift in Sources */,
			);
			runOnlyForDeploymentPostprocessing = 0;
		};
		935F6A521B31197E0010DCB3 /* Sources */ = {
			isa = PBXSourcesBuildPhase;
			buildActionMask = 2147483647;
			files = (
				935F6A5D1B31197E0010DCB3 /* ScheggTests.swift in Sources */,
			);
			runOnlyForDeploymentPostprocessing = 0;
		};
/* End PBXSourcesBuildPhase section */

/* Begin PBXTargetDependency section */
		935F6A581B31197E0010DCB3 /* PBXTargetDependency */ = {
			isa = PBXTargetDependency;
			target = 935F6A3E1B31197E0010DCB3 /* Schegg */;
			targetProxy = 935F6A571B31197E0010DCB3 /* PBXContainerItemProxy */;
		};
/* End PBXTargetDependency section */

/* Begin PBXVariantGroup section */
		935F6A4A1B31197E0010DCB3 /* Main.storyboard */ = {
			isa = PBXVariantGroup;
			children = (
				935F6A4B1B31197E0010DCB3 /* Base */,
			);
			name = Main.storyboard;
			sourceTree = "<group>";
		};
		935F6A4F1B31197E0010DCB3 /* LaunchScreen.xib */ = {
			isa = PBXVariantGroup;
			children = (
				935F6A501B31197E0010DCB3 /* Base */,
			);
			name = LaunchScreen.xib;
			sourceTree = "<group>";
		};
/* End PBXVariantGroup section */

/* Begin XCBuildConfiguration section */
		935F6A5E1B31197E0010DCB3 /* Debug */ = {
			isa = XCBuildConfiguration;
			buildSettings = {
				ALWAYS_SEARCH_USER_PATHS = NO;
				CLANG_CXX_LANGUAGE_STANDARD = "gnu++0x";
				CLANG_CXX_LIBRARY = "libc++";
				CLANG_ENABLE_MODULES = YES;
				CLANG_ENABLE_OBJC_ARC = YES;
				CLANG_WARN_BOOL_CONVERSION = YES;
				CLANG_WARN_CONSTANT_CONVERSION = YES;
				CLANG_WARN_DIRECT_OBJC_ISA_USAGE = YES_ERROR;
				CLANG_WARN_EMPTY_BODY = YES;
				CLANG_WARN_ENUM_CONVERSION = YES;
				CLANG_WARN_INT_CONVERSION = YES;
				CLANG_WARN_OBJC_ROOT_CLASS = YES_ERROR;
				CLANG_WARN_UNREACHABLE_CODE = YES;
				CLANG_WARN__DUPLICATE_METHOD_MATCH = YES;
				"CODE_SIGN_IDENTITY[sdk=iphoneos*]" = "iPhone Developer";
				COPY_PHASE_STRIP = NO;
				DEBUG_INFORMATION_FORMAT = "dwarf-with-dsym";
				ENABLE_STRICT_OBJC_MSGSEND = YES;
				GCC_C_LANGUAGE_STANDARD = gnu99;
				GCC_DYNAMIC_NO_PIC = NO;
				GCC_NO_COMMON_BLOCKS = YES;
				GCC_OPTIMIZATION_LEVEL = 0;
				GCC_PREPROCESSOR_DEFINITIONS = (
					"DEBUG=1",
					"$(inherited)",
				);
				GCC_SYMBOLS_PRIVATE_EXTERN = NO;
				GCC_WARN_64_TO_32_BIT_CONVERSION = YES;
				GCC_WARN_ABOUT_RETURN_TYPE = YES_ERROR;
				GCC_WARN_UNDECLARED_SELECTOR = YES;
				GCC_WARN_UNINITIALIZED_AUTOS = YES_AGGRESSIVE;
				GCC_WARN_UNUSED_FUNCTION = YES;
				GCC_WARN_UNUSED_VARIABLE = YES;
				IPHONEOS_DEPLOYMENT_TARGET = 7.0;
				MTL_ENABLE_DEBUG_INFO = YES;
				ONLY_ACTIVE_ARCH = YES;
				SDKROOT = iphoneos;
				SWIFT_OPTIMIZATION_LEVEL = "-Onone";
			};
			name = Debug;
		};
		935F6A5F1B31197E0010DCB3 /* Release */ = {
			isa = XCBuildConfiguration;
			buildSettings = {
				ALWAYS_SEARCH_USER_PATHS = NO;
				CLANG_CXX_LANGUAGE_STANDARD = "gnu++0x";
				CLANG_CXX_LIBRARY = "libc++";
				CLANG_ENABLE_MODULES = YES;
				CLANG_ENABLE_OBJC_ARC = YES;
				CLANG_WARN_BOOL_CONVERSION = YES;
				CLANG_WARN_CONSTANT_CONVERSION = YES;
				CLANG_WARN_DIRECT_OBJC_ISA_USAGE = YES_ERROR;
				CLANG_WARN_EMPTY_BODY = YES;
				CLANG_WARN_ENUM_CONVERSION = YES;
				CLANG_WARN_INT_CONVERSION = YES;
				CLANG_WARN_OBJC_ROOT_CLASS = YES_ERROR;
				CLANG_WARN_UNREACHABLE_CODE = YES;
				CLANG_WARN__DUPLICATE_METHOD_MATCH = YES;
				"CODE_SIGN_IDENTITY[sdk=iphoneos*]" = "iPhone Developer";
				COPY_PHASE_STRIP = NO;
				DEBUG_INFORMATION_FORMAT = "dwarf-with-dsym";
				ENABLE_NS_ASSERTIONS = NO;
				ENABLE_STRICT_OBJC_MSGSEND = YES;
				GCC_C_LANGUAGE_STANDARD = gnu99;
				GCC_NO_COMMON_BLOCKS = YES;
				GCC_WARN_64_TO_32_BIT_CONVERSION = YES;
				GCC_WARN_ABOUT_RETURN_TYPE = YES_ERROR;
				GCC_WARN_UNDECLARED_SELECTOR = YES;
				GCC_WARN_UNINITIALIZED_AUTOS = YES_AGGRESSIVE;
				GCC_WARN_UNUSED_FUNCTION = YES;
				GCC_WARN_UNUSED_VARIABLE = YES;
				IPHONEOS_DEPLOYMENT_TARGET = 7.0;
				MTL_ENABLE_DEBUG_INFO = NO;
				SDKROOT = iphoneos;
				VALIDATE_PRODUCT = YES;
			};
			name = Release;
		};
		935F6A611B31197E0010DCB3 /* Debug */ = {
			isa = XCBuildConfiguration;
			baseConfigurationReference = C0E8F1EB12F1A185445C290A /* Pods.debug.xcconfig */;
			buildSettings = {
				ASSETCATALOG_COMPILER_APPICON_NAME = AppIcon;
				INFOPLIST_FILE = Schegg/Info.plist;
				LD_RUNPATH_SEARCH_PATHS = "$(inherited) @executable_path/Frameworks";
				PRODUCT_NAME = "$(TARGET_NAME)";
				SWIFT_OBJC_BRIDGING_HEADER = "Schegg/Schegg-Bridging-Header.h";
			};
			name = Debug;
		};
		935F6A621B31197E0010DCB3 /* Release */ = {
			isa = XCBuildConfiguration;
			baseConfigurationReference = 30D8B9D211472A3C0278F96E /* Pods.release.xcconfig */;
			buildSettings = {
				ASSETCATALOG_COMPILER_APPICON_NAME = AppIcon;
				INFOPLIST_FILE = Schegg/Info.plist;
				LD_RUNPATH_SEARCH_PATHS = "$(inherited) @executable_path/Frameworks";
				PRODUCT_NAME = "$(TARGET_NAME)";
				SWIFT_OBJC_BRIDGING_HEADER = "Schegg/Schegg-Bridging-Header.h";
			};
			name = Release;
		};
		935F6A641B31197E0010DCB3 /* Debug */ = {
			isa = XCBuildConfiguration;
			buildSettings = {
				BUNDLE_LOADER = "$(TEST_HOST)";
				FRAMEWORK_SEARCH_PATHS = (
					"$(SDKROOT)/Developer/Library/Frameworks",
					"$(inherited)",
				);
				GCC_PREPROCESSOR_DEFINITIONS = (
					"DEBUG=1",
					"$(inherited)",
				);
				INFOPLIST_FILE = ScheggTests/Info.plist;
				LD_RUNPATH_SEARCH_PATHS = "$(inherited) @executable_path/Frameworks @loader_path/Frameworks";
				PRODUCT_NAME = "$(TARGET_NAME)";
				TEST_HOST = "$(BUILT_PRODUCTS_DIR)/Schegg.app/Schegg";
			};
			name = Debug;
		};
		935F6A651B31197E0010DCB3 /* Release */ = {
			isa = XCBuildConfiguration;
			buildSettings = {
				BUNDLE_LOADER = "$(TEST_HOST)";
				FRAMEWORK_SEARCH_PATHS = (
					"$(SDKROOT)/Developer/Library/Frameworks",
					"$(inherited)",
				);
				INFOPLIST_FILE = ScheggTests/Info.plist;
				LD_RUNPATH_SEARCH_PATHS = "$(inherited) @executable_path/Frameworks @loader_path/Frameworks";
				PRODUCT_NAME = "$(TARGET_NAME)";
				TEST_HOST = "$(BUILT_PRODUCTS_DIR)/Schegg.app/Schegg";
			};
			name = Release;
		};
/* End XCBuildConfiguration section */

/* Begin XCConfigurationList section */
		935F6A3A1B31197E0010DCB3 /* Build configuration list for PBXProject "Schegg" */ = {
			isa = XCConfigurationList;
			buildConfigurations = (
				935F6A5E1B31197E0010DCB3 /* Debug */,
				935F6A5F1B31197E0010DCB3 /* Release */,
			);
			defaultConfigurationIsVisible = 0;
			defaultConfigurationName = Release;
		};
		935F6A601B31197E0010DCB3 /* Build configuration list for PBXNativeTarget "Schegg" */ = {
			isa = XCConfigurationList;
			buildConfigurations = (
				935F6A611B31197E0010DCB3 /* Debug */,
				935F6A621B31197E0010DCB3 /* Release */,
			);
			defaultConfigurationIsVisible = 0;
			defaultConfigurationName = Release;
		};
		935F6A631B31197E0010DCB3 /* Build configuration list for PBXNativeTarget "ScheggTests" */ = {
			isa = XCConfigurationList;
			buildConfigurations = (
				935F6A641B31197E0010DCB3 /* Debug */,
				935F6A651B31197E0010DCB3 /* Release */,
			);
			defaultConfigurationIsVisible = 0;
			defaultConfigurationName = Release;
		};
/* End XCConfigurationList section */
	};
	rootObject = 935F6A371B31197E0010DCB3 /* Project object */;
}
